[[package]]
category = "main"
description = "Low-level AMQP client for Python (fork of amqplib)."
name = "amqp"
optional = false
python-versions = ">=2.7, !=3.0.*, !=3.1.*, !=3.2.*, !=3.3.*, !=3.4.*"
version = "2.5.1"

[package.dependencies]
vine = ">=1.1.3,<5.0.0a1"

[[package]]
category = "dev"
description = "Disable App Nap on OS X 10.9"
marker = "sys_platform == \"darwin\""
name = "appnope"
optional = false
python-versions = "*"
version = "0.1.0"

[[package]]
category = "dev"
description = "Specifications for callback functions passed in to an API"
name = "backcall"
optional = false
python-versions = "*"
version = "0.1.0"

[[package]]
category = "main"
description = "Python multiprocessing fork with improvements and bugfixes"
name = "billiard"
optional = false
python-versions = "*"
version = "3.6.1.0"

[[package]]
category = "main"
description = "Distributed Task Queue."
name = "celery"
optional = false
python-versions = ">=2.7, !=3.0.*, !=3.1.*, !=3.2.*, !=3.3.*"
version = "4.3.0"

[package.dependencies]
billiard = ">=3.6.0,<4.0"
kombu = ">=4.4.0,<5.0"
pytz = ">0.0-dev"
vine = ">=1.3.0"

[[package]]
category = "dev"
description = "Cross-platform colored terminal text."
marker = "sys_platform == \"win32\""
name = "colorama"
optional = false
python-versions = ">=2.7, !=3.0.*, !=3.1.*, !=3.2.*, !=3.3.*"
version = "0.4.1"

[[package]]
category = "dev"
description = "Code coverage measurement for Python"
name = "coverage"
optional = false
python-versions = ">=2.6, !=3.0.*, !=3.1.*, !=3.2.*, <4"
version = "4.5.4"

[[package]]
category = "dev"
description = "Better living through Python with decorators"
name = "decorator"
optional = false
python-versions = ">=2.6, !=3.0.*, !=3.1.*"
version = "4.4.0"

[[package]]
category = "dev"
description = "Integrated process monitor for developing and reloading daemons."
name = "hupper"
optional = false
python-versions = ">=2.7,!=3.0.*,!=3.1.*,!=3.2.*,!=3.3.*"
version = "1.8.1"

[[package]]
category = "main"
description = "Read metadata from Python packages"
name = "importlib-metadata"
optional = false
python-versions = ">=2.7,!=3.0,!=3.1,!=3.2,!=3.3"
version = "0.23"

[package.dependencies]
zipp = ">=0.5"

[[package]]
category = "dev"
description = "IPython: Productive Interactive Computing"
name = "ipython"
optional = false
python-versions = ">=3.5"
version = "7.8.0"

[package.dependencies]
appnope = "*"
backcall = "*"
colorama = "*"
decorator = "*"
jedi = ">=0.10"
pexpect = "*"
pickleshare = "*"
prompt-toolkit = ">=2.0.0,<2.1.0"
pygments = "*"
setuptools = ">=18.5"
traitlets = ">=4.2"

[[package]]
category = "dev"
description = "Vestigial utilities from IPython"
name = "ipython-genutils"
optional = false
python-versions = "*"
version = "0.2.0"

[[package]]
category = "dev"
description = "An autocompletion tool for Python that can be used for text editors."
name = "jedi"
optional = false
python-versions = ">=2.7, !=3.0.*, !=3.1.*, !=3.2.*, !=3.3.*"
version = "0.15.1"

[package.dependencies]
parso = ">=0.5.0"

[[package]]
category = "main"
description = "Messaging library for Python."
name = "kombu"
optional = false
python-versions = ">=2.7, !=3.0.*, !=3.1.*, !=3.2.*, !=3.3.*, !=3.4.*"
version = "4.6.5"

[package.dependencies]
amqp = "2.5.1"
importlib-metadata = ">=0.18"

[[package]]
category = "main"
description = "More routines for operating on iterables, beyond itertools"
name = "more-itertools"
optional = false
python-versions = ">=3.4"
version = "7.2.0"

[[package]]
category = "dev"
description = "nose extends unittest to make testing easier"
name = "nose"
optional = false
python-versions = "*"
version = "1.3.7"

[[package]]
category = "dev"
description = "A Python Parser"
name = "parso"
optional = false
python-versions = "*"
version = "0.5.1"

[[package]]
category = "dev"
description = "Load, configure, and compose WSGI applications and servers"
name = "pastedeploy"
optional = false
python-versions = "*"
version = "2.0.1"

[[package]]
category = "dev"
description = "Pexpect allows easy control of interactive console applications."
marker = "sys_platform != \"win32\""
name = "pexpect"
optional = false
python-versions = "*"
version = "4.7.0"

[package.dependencies]
ptyprocess = ">=0.5"

[[package]]
category = "dev"
description = "Tiny 'shelve'-like database with concurrency support"
name = "pickleshare"
optional = false
python-versions = "*"
version = "0.7.5"

[[package]]
category = "dev"
description = "A loader interface around multiple config file formats."
name = "plaster"
optional = false
python-versions = ">=2.7,!=3.0.*,!=3.1.*,!=3.2.*,!=3.3.*"
version = "1.0"

[package.dependencies]
setuptools = "*"

[[package]]
category = "dev"
description = "A loader implementing the PasteDeploy syntax to be used by plaster."
name = "plaster-pastedeploy"
optional = false
python-versions = ">=2.7,!=3.0.*,!=3.1.*,!=3.2.*,!=3.3.*"
version = "0.7"

[package.dependencies]
PasteDeploy = ">=2.0"
plaster = ">=0.5"

[[package]]
category = "dev"
description = "Library for building powerful interactive command lines in Python"
name = "prompt-toolkit"
optional = false
python-versions = ">=2.6, !=3.0.*, !=3.1.*, !=3.2.*"
version = "2.0.10"

[package.dependencies]
six = ">=1.9.0"
wcwidth = "*"

[[package]]
category = "dev"
description = "Run a subprocess in a pseudo terminal"
marker = "sys_platform != \"win32\""
name = "ptyprocess"
optional = false
python-versions = "*"
version = "0.6.0"

[[package]]
category = "dev"
description = "Pygments is a syntax highlighting package written in Python."
name = "pygments"
optional = false
python-versions = ">=2.7, !=3.0.*, !=3.1.*, !=3.2.*, !=3.3.*, !=3.4.*"
version = "2.4.2"

[[package]]
category = "dev"
description = "The Pyramid Web Framework, a Pylons project"
name = "pyramid"
optional = false
python-versions = ">=2.7,!=3.0.*,!=3.1.*,!=3.2.*,!=3.3.*"
version = "1.10.4"

[package.dependencies]
hupper = ">=1.5"
plaster = "*"
plaster-pastedeploy = "*"
setuptools = "*"
translationstring = ">=0.4"
venusian = ">=1.0"
webob = ">=1.8.3"
"zope.deprecation" = ">=3.5.0"
"zope.interface" = ">=3.8.0"

[[package]]
category = "dev"
description = "pyramid ipython pshell"
name = "pyramid-ipython"
optional = false
python-versions = "*"
version = "0.2"

[package.dependencies]
IPython = "*"
pyramid = ">1.6a2"

[[package]]
category = "main"
description = "World timezone definitions, modern and historical"
name = "pytz"
optional = false
python-versions = "*"
version = "2019.2"

[[package]]
category = "dev"
description = "Python 2 and 3 compatibility utilities"
name = "six"
optional = false
python-versions = ">=2.6, !=3.0.*, !=3.1.*"
version = "1.12.0"

[[package]]
category = "dev"
description = "Traitlets Python config system"
name = "traitlets"
optional = false
python-versions = "*"
version = "4.3.3"

[package.dependencies]
decorator = "*"
ipython-genutils = "*"
six = "*"

[[package]]
category = "dev"
description = "Utility library for i18n relied on by various Repoze and Pyramid packages"
name = "translationstring"
optional = false
python-versions = "*"
version = "1.3"

[[package]]
category = "dev"
description = "A library for deferring decorator actions"
name = "venusian"
optional = false
python-versions = "*"
version = "1.2.0"

[[package]]
category = "main"
description = "Promises, promises, promises."
name = "vine"
optional = false
python-versions = ">=2.7, !=3.0.*, !=3.1.*, !=3.2.*, !=3.3.*"
version = "1.3.0"

[[package]]
category = "dev"
description = "Measures number of Terminal column cells of wide-character codes"
name = "wcwidth"
optional = false
python-versions = "*"
version = "0.1.7"

[[package]]
category = "dev"
description = "WSGI request and response object"
name = "webob"
optional = false
python-versions = ">=2.7,!=3.0.*,!=3.1.*,!=3.2.*"
version = "1.8.5"

[[package]]
category = "main"
description = "Backport of pathlib-compatible object wrapper for zip files"
name = "zipp"
optional = false
python-versions = ">=2.7"
version = "0.6.0"

[package.dependencies]
more-itertools = "*"

[[package]]
category = "dev"
description = "Zope Deprecation Infrastructure"
name = "zope.deprecation"
optional = false
python-versions = "*"
version = "4.4.0"

[package.dependencies]
setuptools = "*"

[[package]]
category = "dev"
description = "Interfaces for Python"
name = "zope.interface"
optional = false
python-versions = ">=2.7, !=3.0.*, !=3.1.*, !=3.2.*, !=3.3.*"
version = "4.6.0"

[package.dependencies]
setuptools = "*"

[metadata]
content-hash = "e22ddb061d1be06e831e3ee10fc847d7029c75b48db771d4d2b55b85dc95edf1"
python-versions = "^3.7"

[metadata.hashes]
amqp = ["19a917e260178b8d410122712bac69cb3e6db010d68f6101e7307508aded5e68", "19d851b879a471fcfdcf01df9936cff924f422baa77653289f7095dedd5fb26a"]
appnope = ["5b26757dc6f79a3b7dc9fab95359328d5747fcb2409d331ea66d0272b90ab2a0", "8b995ffe925347a2138d7ac0fe77155e4311a0ea6d6da4f5128fe4b3cbe5ed71"]
backcall = ["38ecd85be2c1e78f77fd91700c76e14667dc21e2713b63876c0eb901196e01e4", "bbbf4b1e5cd2bdb08f915895b51081c041bac22394fdfcfdfbe9f14b77c08bf2"]
billiard = ["01afcb4e7c4fd6480940cfbd4d9edc19d7a7509d6ada533984d0d0f49901ec82", "b8809c74f648dfe69b973c8e660bcec00603758c9db8ba89d7719f88d5f01f26"]
celery = ["4c4532aa683f170f40bd76f928b70bc06ff171a959e06e71bf35f2f9d6031ef9", "528e56767ae7e43a16cfef24ee1062491f5754368d38fcfffa861cdb9ef219be"]
colorama = ["05eed71e2e327246ad6b38c540c4a3117230b19679b875190486ddd2d721422d", "f8ac84de7840f5b9c4e3347b3c1eaa50f7e49c2b07596221daec5edaabbd7c48"]
coverage = ["08907593569fe59baca0bf152c43f3863201efb6113ecb38ce7e97ce339805a6", "0be0f1ed45fc0c185cfd4ecc19a1d6532d72f86a2bac9de7e24541febad72650", "141f08ed3c4b1847015e2cd62ec06d35e67a3ac185c26f7635f4406b90afa9c5", "19e4df788a0581238e9390c85a7a09af39c7b539b29f25c89209e6c3e371270d", "23cc09ed395b03424d1ae30dcc292615c1372bfba7141eb85e11e50efaa6b351", "245388cda02af78276b479f299bbf3783ef0a6a6273037d7c60dc73b8d8d7755", "331cb5115673a20fb131dadd22f5bcaf7677ef758741312bee4937d71a14b2ef", "386e2e4090f0bc5df274e720105c342263423e77ee8826002dcffe0c9533dbca", "3a794ce50daee01c74a494919d5ebdc23d58873747fa0e288318728533a3e1ca", "60851187677b24c6085248f0a0b9b98d49cba7ecc7ec60ba6b9d2e5574ac1ee9", "63a9a5fc43b58735f65ed63d2cf43508f462dc49857da70b8980ad78d41d52fc", "6b62544bb68106e3f00b21c8930e83e584fdca005d4fffd29bb39fb3ffa03cb5", "6ba744056423ef8d450cf627289166da65903885272055fb4b5e113137cfa14f", "7494b0b0274c5072bddbfd5b4a6c6f18fbbe1ab1d22a41e99cd2d00c8f96ecfe", "826f32b9547c8091679ff292a82aca9c7b9650f9fda3e2ca6bf2ac905b7ce888", "93715dffbcd0678057f947f496484e906bf9509f5c1c38fc9ba3922893cda5f5", "9a334d6c83dfeadae576b4d633a71620d40d1c379129d587faa42ee3e2a85cce", "af7ed8a8aa6957aac47b4268631fa1df984643f07ef00acd374e456364b373f5", "bf0a7aed7f5521c7ca67febd57db473af4762b9622254291fbcbb8cd0ba5e33e", "bf1ef9eb901113a9805287e090452c05547578eaab1b62e4ad456fcc049a9b7e", "c0afd27bc0e307a1ffc04ca5ec010a290e49e3afbe841c5cafc5c5a80ecd81c9", "dd579709a87092c6dbee09d1b7cfa81831040705ffa12a1b248935274aee0437", "df6712284b2e44a065097846488f66840445eb987eb81b3cc6e4149e7b6982e1", "e07d9f1a23e9e93ab5c62902833bf3e4b1f65502927379148b6622686223125c", "e2ede7c1d45e65e209d6093b762e98e8318ddeff95317d07a27a2140b80cfd24", "e4ef9c164eb55123c62411f5936b5c2e521b12356037b6e1c2617cef45523d47", "eca2b7343524e7ba246cab8ff00cab47a2d6d54ada3b02772e908a45675722e2", "eee64c616adeff7db37cc37da4180a3a5b6177f5c46b187894e633f088fb5b28", "ef824cad1f980d27f26166f86856efe11eff9912c4fed97d3804820d43fa550c", "efc89291bd5a08855829a3c522df16d856455297cf35ae827a37edac45f466a7", "fa964bae817babece5aa2e8c1af841bebb6d0b9add8e637548809d040443fee0", "ff37757e068ae606659c28c3bd0d923f9d29a85de79bf25b2b34b148473b5025"]
decorator = ["86156361c50488b84a3f148056ea716ca587df2f0de1d34750d35c21312725de", "f069f3a01830ca754ba5258fde2278454a0b5b79e0d7f5c13b3b97e57d4acff6"]
hupper = ["5869ec2a46ba8ad481b0a27ca68f3e01dc7d3424925b7c872d9fcdff44b43442", "8532d116fef1f89add74dbd8d5e6541cb3278b04f4fe9780a1356cb6adba1141"]
importlib-metadata = ["aa18d7378b00b40847790e7c27e11673d7fed219354109d0e7b9e5b25dc3ad26", "d5f18a79777f3aa179c145737780282e27b508fc8fd688cb17c7a813e8bd39af"]
ipython = ["c4ab005921641e40a68e405e286e7a1fcc464497e14d81b6914b4fd95e5dee9b", "dd76831f065f17bddd7eaa5c781f5ea32de5ef217592cf019e34043b56895aa1"]
ipython-genutils = ["72dd37233799e619666c9f639a9da83c34013a73e8bbc79a7a6348d93c61fab8", "eb2e116e75ecef9d4d228fdc66af54269afa26ab4463042e33785b887c628ba8"]
jedi = ["786b6c3d80e2f06fd77162a07fed81b8baa22dde5d62896a790a331d6ac21a27", "ba859c74fa3c966a22f2aeebe1b74ee27e2a462f56d3f5f7ca4a59af61bfe42e"]
kombu = ["31edb84947996fdda065b6560c128d5673bb913ff34aa19e7b84755217a24deb", "c9078124ce2616b29cf6607f0ac3db894c59154252dee6392cdbbe15e5c4b566"]
more-itertools = ["409cd48d4db7052af495b09dec721011634af3753ae1ef92d2b32f73a745f832", "92b8c4b06dac4f0611c0729b2f2ede52b2e1bac1ab48f089c7ddc12e26bb60c4"]
nose = ["9ff7c6cc443f8c51994b34a667bbcf45afd6d945be7477b52e97516fd17c53ac", "dadcddc0aefbf99eea214e0f1232b94f2fa9bd98fa8353711dacb112bfcbbb2a", "f1bffef9cbc82628f6e7d7b40d7e255aefaa1adb6a1b1d26c69a8b79e6208a98"]
parso = ["63854233e1fadb5da97f2744b6b24346d2750b85965e7e399bec1620232797dc", "666b0ee4a7a1220f65d367617f2cd3ffddff3e205f3f16a0284df30e774c2a9c"]
pastedeploy = ["d423fb9d51fdcf853aa4ff43ac7ec469b643ea19590f67488122d6d0d772350a", "fe53697ec2754703096b75d0ba29112b0590b4ce46726fe4f9408fd006e4eefc"]
pexpect = ["2094eefdfcf37a1fdbfb9aa090862c1a4878e5c7e0e7e7088bdb511c558e5cd1", "9e2c1fd0e6ee3a49b28f95d4b33bc389c89b20af6a1255906e90ff1262ce62eb"]
pickleshare = ["87683d47965c1da65cdacaf31c8441d12b8044cdec9aca500cd78fc2c683afca", "9649af414d74d4df115d5d718f82acb59c9d418196b7b4290ed47a12ce62df56"]
plaster = ["215c921a438b5349931fd7df9a5a11a3572947f20f4bc6dd622ac08f1c3ba249", "8351c7c7efdf33084c1de88dd0f422cbe7342534537b553c49b857b12d98c8c3"]
plaster-pastedeploy = ["391d93a4e1ff81fc3bae27508ebb765b61f1724ae6169f83577f06b6357be7fd", "7c8aa37c917b615c70bf942b24dc1e0455c49f62f1a2214b1a0dd98871644bbb"]
prompt-toolkit = ["46642344ce457641f28fc9d1c9ca939b63dadf8df128b86f1b9860e59c73a5e4", "e7f8af9e3d70f514373bf41aa51bc33af12a6db3f71461ea47fea985defb2c31", "f15af68f66e664eaa559d4ac8a928111eebd5feda0c11738b5998045224829db"]
ptyprocess = ["923f299cc5ad920c68f2bc0bc98b75b9f838b93b599941a6b63ddbc2476394c0", "d7cc528d76e76342423ca640335bd3633420dc1366f258cb31d05e865ef5ca1f"]
pygments = ["71e430bc85c88a430f000ac1d9b331d2407f681d6f6aec95e8bcfbc3df5b0127", "881c4c157e45f30af185c1ffe8d549d48ac9127433f2c380c24b84572ad66297"]
pyramid = ["51bf64647345237c00d2fe558935e0e4938c156e29f17e203457fd8e1d757dc7", "d80ccb8cfa550139b50801591d4ca8a5575334adb493c402fce2312f55d07d66"]
pyramid-ipython = ["1c8bc09648e6f5aaebbbd01e55d36a73d7cfb5c369a8eb32696d32f759eca815", "be2a349f2830d36ab5de67cdfae65c92b69d8f129c0852d3989a31d7c847775b"]
pytz = ["26c0b32e437e54a18161324a2fca3c4b9846b74a8dccddd843113109e1116b32", "c894d57500a4cd2d5c71114aaab77dbab5eabd9022308ce5ac9bb93a60a6f0c7"]
six = ["3350809f0555b11f552448330d0b52d5f24c91a322ea4a15ef22629740f3761c", "d16a0141ec1a18405cd4ce8b4613101da75da0e9a7aec5bdd4fa804d0e0eba73"]
traitlets = ["70b4c6a1d9019d7b4f6846832288f86998aa3b9207c6821f3578a6a6a467fe44", "d023ee369ddd2763310e4c3eae1ff649689440d4ae59d7485eb4cfbbe3e359f7"]
translationstring = ["4ee44cfa58c52ade8910ea0ebc3d2d84bdcad9fa0422405b1801ec9b9a65b72d", "e26c7bf383413234ed442e0980a2ebe192b95e3745288a8fd2805156d27515b4"]
venusian = ["2f2d077a1eedc3fda40425f65687c8c494da7e83d7c23bc2c4d1a40eb3ca5b6d", "64ec8285b80b110d0ae5db4280e90e31848a59db98db1aba4d7d46f48ce91e3e"]
vine = ["133ee6d7a9016f177ddeaf191c1f58421a1dcc6ee9a42c58b34bed40e1d2cd87", "ea4947cc56d1fd6f2095c8d543ee25dad966f78692528e68b4fada11ba3f98af"]
wcwidth = ["3df37372226d6e63e1b1e1eda15c594bca98a22d33a23832a90998faa96bc65e", "f4ebe71925af7b40a864553f761ed559b43544f8f71746c2d756c7fe788ade7c"]
webob = ["05aaab7975e0ee8af2026325d656e5ce14a71f1883c52276181821d6d5bf7086", "36db8203c67023d68c1b00208a7bf55e3b10de2aa317555740add29c619de12b"]
zipp = ["3718b1cbcd963c7d4c5511a8240812904164b7f381b647143a89d3b98f9bcd8e", "f06903e9f1f43b12d371004b4ac7b06ab39a44adc747266928ae6debfa7b3335"]
"zope.deprecation" = ["0d453338f04bacf91bbfba545d8bcdf529aa829e67b705eac8c1a7fdce66e2df", "f1480b74995958b24ce37b0ef04d3663d2683e5d6debc96726eff18acf4ea113"]
"zope.interface" = ["086707e0f413ff8800d9c4bc26e174f7ee4c9c8b0302fbad68d083071822316c", "1157b1ec2a1f5bf45668421e3955c60c610e31913cc695b407a574efdbae1f7b", "11ebddf765bff3bbe8dbce10c86884d87f90ed66ee410a7e6c392086e2c63d02", "14b242d53f6f35c2d07aa2c0e13ccb710392bcd203e1b82a1828d216f6f6b11f", "1b3d0dcabc7c90b470e59e38a9acaa361be43b3a6ea644c0063951964717f0e5", "20a12ab46a7e72b89ce0671e7d7a6c3c1ca2c2766ac98112f78c5bddaa6e4375", "298f82c0ab1b182bd1f34f347ea97dde0fffb9ecf850ecf7f8904b8442a07487", "2f6175722da6f23dbfc76c26c241b67b020e1e83ec7fe93c9e5d3dd18667ada2", "3b877de633a0f6d81b600624ff9137312d8b1d0f517064dfc39999352ab659f0", "4265681e77f5ac5bac0905812b828c9fe1ce80c6f3e3f8574acfb5643aeabc5b", "550695c4e7313555549aa1cdb978dc9413d61307531f123558e438871a883d63", "5f4d42baed3a14c290a078e2696c5f565501abde1b2f3f1a1c0a94fbf6fbcc39", "62dd71dbed8cc6a18379700701d959307823b3b2451bdc018594c48956ace745", "7040547e5b882349c0a2cc9b50674b1745db551f330746af434aad4f09fba2cc", "7e099fde2cce8b29434684f82977db4e24f0efa8b0508179fce1602d103296a2", "7e5c9a5012b2b33e87980cee7d1c82412b2ebabcb5862d53413ba1a2cfde23aa", "81295629128f929e73be4ccfdd943a0906e5fe3cdb0d43ff1e5144d16fbb52b1", "95cc574b0b83b85be9917d37cd2fad0ce5a0d21b024e1a5804d044aabea636fc", "968d5c5702da15c5bf8e4a6e4b67a4d92164e334e9c0b6acf080106678230b98", "9e998ba87df77a85c7bed53240a7257afe51a07ee6bc3445a0bf841886da0b97", "a0c39e2535a7e9c195af956610dba5a1073071d2d85e9d2e5d789463f63e52ab", "a15e75d284178afe529a536b0e8b28b7e107ef39626a7809b4ee64ff3abc9127", "a6a6ff82f5f9b9702478035d8f6fb6903885653bff7ec3a1e011edc9b1a7168d", "b639f72b95389620c1f881d94739c614d385406ab1d6926a9ffe1c8abbea23fe", "bad44274b151d46619a7567010f7cde23a908c6faa84b97598fd2f474a0c6891", "bbcef00d09a30948756c5968863316c949d9cedbc7aabac5e8f0ffbdb632e5f1", "d788a3999014ddf416f2dc454efa4a5dbeda657c6aba031cf363741273804c6b", "eed88ae03e1ef3a75a0e96a55a99d7937ed03e53d0cffc2451c208db445a2966", "f99451f3a579e73b5dd58b1b08d1179791d49084371d9a47baad3b22417f0317"]
